
Microsoft Visual Studio Solution File, Format Version 12.00
# Visual Studio Version 17
VisualStudioVersion = 17.12.35707.178
MinimumVisualStudioVersion = 10.0.40219.1
Project("{FAE04EC0-301F-11D3-BF4B-00C04F79EFBC}") = "AESP.API", "AESP.API\AESP.API.csproj", "{C92E65A1-70BD-40DB-A2A2-51003CED827A}"
EndProject
Project("{FAE04EC0-301F-11D3-BF4B-00C04F79EFBC}") = "AESP.Service", "AESP.Service\AESP.Service.csproj", "{D0401F24-6000-4CAE-AEDB-395A55224F13}"
EndProject
Project("{FAE04EC0-301F-11D3-BF4B-00C04F79EFBC}") = "AESP.Repository", "AESP.Repository\AESP.Repository.csproj", "{F7E87176-F1C2-4D0B-B750-DCED6CC3F570}"
EndProject
Project("{FAE04EC0-301F-11D3-BF4B-00C04F79EFBC}") = "AESP.Common", "AESP.Common\AESP.Common.csproj", "{62F76CB1-3C6D-4F89-952A-5F186FA496BB}"
EndProject
Global
	GlobalSection(SolutionConfigurationPlatforms) = preSolution
		Debug|Any CPU = Debug|Any CPU
		Release|Any CPU = Release|Any CPU
	EndGlobalSection
	GlobalSection(ProjectConfigurationPlatforms) = postSolution
		{C92E65A1-70BD-40DB-A2A2-51003CED827A}.Debug|Any CPU.ActiveCfg = Debug|Any CPU
		{C92E65A1-70BD-40DB-A2A2-51003CED827A}.Debug|Any CPU.Build.0 = Debug|Any CPU
		{C92E65A1-70BD-40DB-A2A2-51003CED827A}.Release|Any CPU.ActiveCfg = Release|Any CPU
		{C92E65A1-70BD-40DB-A2A2-51003CED827A}.Release|Any CPU.Build.0 = Release|Any CPU
		{D0401F24-6000-4CAE-AEDB-395A55224F13}.Debug|Any CPU.ActiveCfg = Debug|Any CPU
		{D0401F24-6000-4CAE-AEDB-395A55224F13}.Debug|Any CPU.Build.0 = Debug|Any CPU
		{D0401F24-6000-4CAE-AEDB-395A55224F13}.Release|Any CPU.ActiveCfg = Release|Any CPU
		{D0401F24-6000-4CAE-AEDB-395A55224F13}.Release|Any CPU.Build.0 = Release|Any CPU
		{F7E87176-F1C2-4D0B-B750-DCED6CC3F570}.Debug|Any CPU.ActiveCfg = Debug|Any CPU
		{F7E87176-F1C2-4D0B-B750-DCED6CC3F570}.Debug|Any CPU.Build.0 = Debug|Any CPU
		{F7E87176-F1C2-4D0B-B750-DCED6CC3F570}.Release|Any CPU.ActiveCfg = Release|Any CPU
		{F7E87176-F1C2-4D0B-B750-DCED6CC3F570}.Release|Any CPU.Build.0 = Release|Any CPU
		{62F76CB1-3C6D-4F89-952A-5F186FA496BB}.Debug|Any CPU.ActiveCfg = Debug|Any CPU
		{62F76CB1-3C6D-4F89-952A-5F186FA496BB}.Debug|Any CPU.Build.0 = Debug|Any CPU
		{62F76CB1-3C6D-4F89-952A-5F186FA496BB}.Release|Any CPU.ActiveCfg = Release|Any CPU
		{62F76CB1-3C6D-4F89-952A-5F186FA496BB}.Release|Any CPU.Build.0 = Release|Any CPU
	EndGlobalSection
	GlobalSection(SolutionProperties) = preSolution
		HideSolutionNode = FALSE
	EndGlobalSection
EndGlobal
